# Generated by pub
# See https://dart.dev/tools/pub/glossary#lockfile
packages:
  args:
    dependency: transitive
    description:
      name: args
      url: "https://pub.dartlang.org"
    source: hosted
<<<<<<< HEAD
    version: "2.3.1"
=======
    version: "2.2.0"
>>>>>>> 3e3882b0fdb43e1b7900742ed56e7f9affa0658d
  asn1lib:
    dependency: transitive
    description:
      name: asn1lib
      url: "https://pub.dartlang.org"
    source: hosted
<<<<<<< HEAD
    version: "1.4.0"
=======
    version: "1.0.2"
>>>>>>> 3e3882b0fdb43e1b7900742ed56e7f9affa0658d
  async:
    dependency: transitive
    description:
      name: async
      url: "https://pub.dartlang.org"
    source: hosted
<<<<<<< HEAD
    version: "2.9.0"
=======
    version: "2.8.1"
>>>>>>> 3e3882b0fdb43e1b7900742ed56e7f9affa0658d
  boolean_selector:
    dependency: transitive
    description:
      name: boolean_selector
      url: "https://pub.dartlang.org"
    source: hosted
    version: "2.1.0"
  cached_network_image:
    dependency: "direct main"
    description:
      name: cached_network_image
      url: "https://pub.dartlang.org"
    source: hosted
<<<<<<< HEAD
    version: "3.2.3"
=======
    version: "3.1.0"
>>>>>>> 3e3882b0fdb43e1b7900742ed56e7f9affa0658d
  cached_network_image_platform_interface:
    dependency: transitive
    description:
      name: cached_network_image_platform_interface
      url: "https://pub.dartlang.org"
    source: hosted
<<<<<<< HEAD
    version: "2.0.0"
=======
    version: "1.0.0"
>>>>>>> 3e3882b0fdb43e1b7900742ed56e7f9affa0658d
  cached_network_image_web:
    dependency: transitive
    description:
      name: cached_network_image_web
      url: "https://pub.dartlang.org"
    source: hosted
<<<<<<< HEAD
    version: "1.0.2"
=======
    version: "1.0.1"
>>>>>>> 3e3882b0fdb43e1b7900742ed56e7f9affa0658d
  characters:
    dependency: transitive
    description:
      name: characters
      url: "https://pub.dartlang.org"
    source: hosted
<<<<<<< HEAD
    version: "1.2.1"
=======
    version: "1.1.0"
  charcode:
    dependency: transitive
    description:
      name: charcode
      url: "https://pub.dartlang.org"
    source: hosted
    version: "1.3.1"
>>>>>>> 3e3882b0fdb43e1b7900742ed56e7f9affa0658d
  clock:
    dependency: transitive
    description:
      name: clock
      url: "https://pub.dartlang.org"
    source: hosted
<<<<<<< HEAD
    version: "1.1.1"
=======
    version: "1.1.0"
  cloud_functions:
    dependency: "direct main"
    description:
      name: cloud_functions
      url: "https://pub.dartlang.org"
    source: hosted
    version: "3.0.5"
  cloud_functions_platform_interface:
    dependency: transitive
    description:
      name: cloud_functions_platform_interface
      url: "https://pub.dartlang.org"
    source: hosted
    version: "5.0.12"
  cloud_functions_web:
    dependency: transitive
    description:
      name: cloud_functions_web
      url: "https://pub.dartlang.org"
    source: hosted
    version: "4.0.14"
>>>>>>> 3e3882b0fdb43e1b7900742ed56e7f9affa0658d
  collection:
    dependency: transitive
    description:
      name: collection
      url: "https://pub.dartlang.org"
    source: hosted
<<<<<<< HEAD
    version: "1.16.0"
=======
    version: "1.15.0"
>>>>>>> 3e3882b0fdb43e1b7900742ed56e7f9affa0658d
  connectivity_plus:
    dependency: transitive
    description:
      name: connectivity_plus
      url: "https://pub.dartlang.org"
    source: hosted
<<<<<<< HEAD
    version: "1.4.0"
=======
    version: "2.0.2"
>>>>>>> 3e3882b0fdb43e1b7900742ed56e7f9affa0658d
  connectivity_plus_linux:
    dependency: transitive
    description:
      name: connectivity_plus_linux
      url: "https://pub.dartlang.org"
    source: hosted
<<<<<<< HEAD
    version: "1.3.1"
=======
    version: "1.1.0"
>>>>>>> 3e3882b0fdb43e1b7900742ed56e7f9affa0658d
  connectivity_plus_macos:
    dependency: transitive
    description:
      name: connectivity_plus_macos
      url: "https://pub.dartlang.org"
    source: hosted
<<<<<<< HEAD
    version: "1.2.6"
=======
    version: "1.2.1"
>>>>>>> 3e3882b0fdb43e1b7900742ed56e7f9affa0658d
  connectivity_plus_platform_interface:
    dependency: transitive
    description:
      name: connectivity_plus_platform_interface
      url: "https://pub.dartlang.org"
    source: hosted
<<<<<<< HEAD
    version: "1.2.3"
=======
    version: "1.1.0"
>>>>>>> 3e3882b0fdb43e1b7900742ed56e7f9affa0658d
  connectivity_plus_web:
    dependency: transitive
    description:
      name: connectivity_plus_web
      url: "https://pub.dartlang.org"
    source: hosted
<<<<<<< HEAD
    version: "1.2.5"
=======
    version: "1.1.0+1"
>>>>>>> 3e3882b0fdb43e1b7900742ed56e7f9affa0658d
  connectivity_plus_windows:
    dependency: transitive
    description:
      name: connectivity_plus_windows
      url: "https://pub.dartlang.org"
    source: hosted
<<<<<<< HEAD
    version: "1.2.2"
=======
    version: "1.2.0"
>>>>>>> 3e3882b0fdb43e1b7900742ed56e7f9affa0658d
  convert:
    dependency: transitive
    description:
      name: convert
      url: "https://pub.dartlang.org"
    source: hosted
<<<<<<< HEAD
    version: "3.1.1"
=======
    version: "3.0.1"
>>>>>>> 3e3882b0fdb43e1b7900742ed56e7f9affa0658d
  crypto:
    dependency: transitive
    description:
      name: crypto
      url: "https://pub.dartlang.org"
    source: hosted
<<<<<<< HEAD
    version: "3.0.2"
=======
    version: "3.0.1"
>>>>>>> 3e3882b0fdb43e1b7900742ed56e7f9affa0658d
  crypto_keys:
    dependency: transitive
    description:
      name: crypto_keys
      url: "https://pub.dartlang.org"
    source: hosted
<<<<<<< HEAD
    version: "0.3.0+1"
=======
    version: "0.3.0"
>>>>>>> 3e3882b0fdb43e1b7900742ed56e7f9affa0658d
  cupertino_icons:
    dependency: "direct main"
    description:
      name: cupertino_icons
      url: "https://pub.dartlang.org"
    source: hosted
<<<<<<< HEAD
    version: "1.0.5"
=======
    version: "1.0.3"
>>>>>>> 3e3882b0fdb43e1b7900742ed56e7f9affa0658d
  dbus:
    dependency: transitive
    description:
      name: dbus
      url: "https://pub.dartlang.org"
    source: hosted
<<<<<<< HEAD
    version: "0.7.8"
=======
    version: "0.5.6"
>>>>>>> 3e3882b0fdb43e1b7900742ed56e7f9affa0658d
  dio:
    dependency: transitive
    description:
      name: dio
      url: "https://pub.dartlang.org"
    source: hosted
<<<<<<< HEAD
    version: "4.0.6"
=======
    version: "4.0.0"
>>>>>>> 3e3882b0fdb43e1b7900742ed56e7f9affa0658d
  equatable:
    dependency: transitive
    description:
      name: equatable
      url: "https://pub.dartlang.org"
    source: hosted
<<<<<<< HEAD
    version: "2.0.5"
=======
    version: "2.0.3"
>>>>>>> 3e3882b0fdb43e1b7900742ed56e7f9affa0658d
  fake_async:
    dependency: transitive
    description:
      name: fake_async
      url: "https://pub.dartlang.org"
    source: hosted
<<<<<<< HEAD
    version: "1.3.1"
=======
    version: "1.2.0"
>>>>>>> 3e3882b0fdb43e1b7900742ed56e7f9affa0658d
  faker:
    dependency: "direct main"
    description:
      name: faker
      url: "https://pub.dartlang.org"
    source: hosted
<<<<<<< HEAD
    version: "2.1.0"
=======
    version: "2.0.0"
>>>>>>> 3e3882b0fdb43e1b7900742ed56e7f9affa0658d
  ffi:
    dependency: transitive
    description:
      name: ffi
      url: "https://pub.dartlang.org"
    source: hosted
<<<<<<< HEAD
    version: "2.0.1"
=======
    version: "1.1.2"
>>>>>>> 3e3882b0fdb43e1b7900742ed56e7f9affa0658d
  file:
    dependency: transitive
    description:
      name: file
      url: "https://pub.dartlang.org"
    source: hosted
<<<<<<< HEAD
    version: "6.1.4"
=======
    version: "6.1.2"
  firebase_auth:
    dependency: "direct main"
    description:
      name: firebase_auth
      url: "https://pub.dartlang.org"
    source: hosted
    version: "3.1.4"
  firebase_auth_platform_interface:
    dependency: transitive
    description:
      name: firebase_auth_platform_interface
      url: "https://pub.dartlang.org"
    source: hosted
    version: "6.1.2"
  firebase_auth_web:
    dependency: transitive
    description:
      name: firebase_auth_web
      url: "https://pub.dartlang.org"
    source: hosted
    version: "3.1.3"
  firebase_core:
    dependency: "direct main"
    description:
      name: firebase_core
      url: "https://pub.dartlang.org"
    source: hosted
    version: "1.8.0"
  firebase_core_platform_interface:
    dependency: transitive
    description:
      name: firebase_core_platform_interface
      url: "https://pub.dartlang.org"
    source: hosted
    version: "4.0.1"
  firebase_core_web:
    dependency: transitive
    description:
      name: firebase_core_web
      url: "https://pub.dartlang.org"
    source: hosted
    version: "1.1.0"
>>>>>>> 3e3882b0fdb43e1b7900742ed56e7f9affa0658d
  flutter:
    dependency: "direct main"
    description: flutter
    source: sdk
    version: "0.0.0"
  flutter_blurhash:
    dependency: transitive
    description:
      name: flutter_blurhash
      url: "https://pub.dartlang.org"
    source: hosted
<<<<<<< HEAD
    version: "0.7.0"
=======
    version: "0.6.0"
>>>>>>> 3e3882b0fdb43e1b7900742ed56e7f9affa0658d
  flutter_cache_manager:
    dependency: transitive
    description:
      name: flutter_cache_manager
      url: "https://pub.dartlang.org"
    source: hosted
<<<<<<< HEAD
    version: "3.3.0"
=======
    version: "3.1.2"
>>>>>>> 3e3882b0fdb43e1b7900742ed56e7f9affa0658d
  flutter_lints:
    dependency: "direct dev"
    description:
      name: flutter_lints
      url: "https://pub.dartlang.org"
    source: hosted
    version: "1.0.4"
  flutter_test:
    dependency: "direct dev"
    description: flutter
    source: sdk
    version: "0.0.0"
  flutter_web_plugins:
    dependency: transitive
    description: flutter
    source: sdk
    version: "0.0.0"
  freezed_annotation:
    dependency: transitive
    description:
      name: freezed_annotation
      url: "https://pub.dartlang.org"
    source: hosted
<<<<<<< HEAD
    version: "0.14.3"
=======
    version: "0.15.0"
>>>>>>> 3e3882b0fdb43e1b7900742ed56e7f9affa0658d
  google_fonts:
    dependency: "direct main"
    description:
      name: google_fonts
      url: "https://pub.dartlang.org"
    source: hosted
<<<<<<< HEAD
    version: "2.3.3"
=======
    version: "2.1.0"
>>>>>>> 3e3882b0fdb43e1b7900742ed56e7f9affa0658d
  http:
    dependency: transitive
    description:
      name: http
      url: "https://pub.dartlang.org"
    source: hosted
<<<<<<< HEAD
    version: "0.13.5"
=======
    version: "0.13.3"
>>>>>>> 3e3882b0fdb43e1b7900742ed56e7f9affa0658d
  http_parser:
    dependency: transitive
    description:
      name: http_parser
      url: "https://pub.dartlang.org"
    source: hosted
<<<<<<< HEAD
    version: "4.0.2"
=======
    version: "4.0.0"
>>>>>>> 3e3882b0fdb43e1b7900742ed56e7f9affa0658d
  intl:
    dependency: transitive
    description:
      name: intl
      url: "https://pub.dartlang.org"
    source: hosted
    version: "0.17.0"
  jiffy:
    dependency: "direct main"
    description:
      name: jiffy
      url: "https://pub.dartlang.org"
    source: hosted
    version: "4.1.0"
  jose:
    dependency: transitive
    description:
      name: jose
      url: "https://pub.dartlang.org"
    source: hosted
<<<<<<< HEAD
    version: "0.3.3"
=======
    version: "0.3.2"
>>>>>>> 3e3882b0fdb43e1b7900742ed56e7f9affa0658d
  js:
    dependency: transitive
    description:
      name: js
      url: "https://pub.dartlang.org"
    source: hosted
<<<<<<< HEAD
    version: "0.6.4"
=======
    version: "0.6.3"
>>>>>>> 3e3882b0fdb43e1b7900742ed56e7f9affa0658d
  json_annotation:
    dependency: transitive
    description:
      name: json_annotation
      url: "https://pub.dartlang.org"
    source: hosted
<<<<<<< HEAD
    version: "4.7.0"
=======
    version: "4.3.0"
>>>>>>> 3e3882b0fdb43e1b7900742ed56e7f9affa0658d
  lints:
    dependency: transitive
    description:
      name: lints
      url: "https://pub.dartlang.org"
    source: hosted
    version: "1.0.1"
  logger:
    dependency: "direct main"
    description:
      name: logger
      url: "https://pub.dartlang.org"
    source: hosted
    version: "1.1.0"
  logging:
    dependency: transitive
    description:
      name: logging
      url: "https://pub.dartlang.org"
    source: hosted
<<<<<<< HEAD
    version: "1.1.0"
=======
    version: "1.0.1"
>>>>>>> 3e3882b0fdb43e1b7900742ed56e7f9affa0658d
  matcher:
    dependency: transitive
    description:
      name: matcher
      url: "https://pub.dartlang.org"
    source: hosted
<<<<<<< HEAD
    version: "0.12.12"
  material_color_utilities:
    dependency: transitive
    description:
      name: material_color_utilities
      url: "https://pub.dartlang.org"
    source: hosted
    version: "0.1.5"
=======
    version: "0.12.10"
>>>>>>> 3e3882b0fdb43e1b7900742ed56e7f9affa0658d
  meta:
    dependency: transitive
    description:
      name: meta
      url: "https://pub.dartlang.org"
    source: hosted
<<<<<<< HEAD
    version: "1.8.0"
=======
    version: "1.7.0"
>>>>>>> 3e3882b0fdb43e1b7900742ed56e7f9affa0658d
  mime:
    dependency: transitive
    description:
      name: mime
      url: "https://pub.dartlang.org"
    source: hosted
<<<<<<< HEAD
    version: "1.0.3"
=======
    version: "1.0.0"
>>>>>>> 3e3882b0fdb43e1b7900742ed56e7f9affa0658d
  nm:
    dependency: transitive
    description:
      name: nm
      url: "https://pub.dartlang.org"
    source: hosted
<<<<<<< HEAD
    version: "0.5.0"
=======
    version: "0.3.0"
>>>>>>> 3e3882b0fdb43e1b7900742ed56e7f9affa0658d
  octo_image:
    dependency: transitive
    description:
      name: octo_image
      url: "https://pub.dartlang.org"
    source: hosted
<<<<<<< HEAD
    version: "1.0.2"
=======
    version: "1.0.0+1"
>>>>>>> 3e3882b0fdb43e1b7900742ed56e7f9affa0658d
  path:
    dependency: transitive
    description:
      name: path
      url: "https://pub.dartlang.org"
    source: hosted
<<<<<<< HEAD
    version: "1.8.2"
=======
    version: "1.8.0"
>>>>>>> 3e3882b0fdb43e1b7900742ed56e7f9affa0658d
  path_provider:
    dependency: transitive
    description:
      name: path_provider
      url: "https://pub.dartlang.org"
    source: hosted
<<<<<<< HEAD
    version: "2.0.11"
  path_provider_android:
    dependency: transitive
    description:
      name: path_provider_android
      url: "https://pub.dartlang.org"
    source: hosted
    version: "2.0.22"
  path_provider_ios:
    dependency: transitive
    description:
      name: path_provider_ios
      url: "https://pub.dartlang.org"
    source: hosted
    version: "2.0.11"
=======
    version: "2.0.2"
>>>>>>> 3e3882b0fdb43e1b7900742ed56e7f9affa0658d
  path_provider_linux:
    dependency: transitive
    description:
      name: path_provider_linux
      url: "https://pub.dartlang.org"
    source: hosted
<<<<<<< HEAD
    version: "2.1.7"
=======
    version: "2.0.2"
>>>>>>> 3e3882b0fdb43e1b7900742ed56e7f9affa0658d
  path_provider_macos:
    dependency: transitive
    description:
      name: path_provider_macos
      url: "https://pub.dartlang.org"
    source: hosted
<<<<<<< HEAD
    version: "2.0.6"
=======
    version: "2.0.2"
>>>>>>> 3e3882b0fdb43e1b7900742ed56e7f9affa0658d
  path_provider_platform_interface:
    dependency: transitive
    description:
      name: path_provider_platform_interface
      url: "https://pub.dartlang.org"
    source: hosted
<<<<<<< HEAD
    version: "2.0.5"
=======
    version: "2.0.1"
>>>>>>> 3e3882b0fdb43e1b7900742ed56e7f9affa0658d
  path_provider_windows:
    dependency: transitive
    description:
      name: path_provider_windows
      url: "https://pub.dartlang.org"
    source: hosted
<<<<<<< HEAD
    version: "2.1.3"
=======
    version: "2.0.3"
>>>>>>> 3e3882b0fdb43e1b7900742ed56e7f9affa0658d
  pedantic:
    dependency: transitive
    description:
      name: pedantic
      url: "https://pub.dartlang.org"
    source: hosted
    version: "1.11.1"
  petitparser:
    dependency: transitive
    description:
      name: petitparser
      url: "https://pub.dartlang.org"
    source: hosted
<<<<<<< HEAD
    version: "5.1.0"
=======
    version: "4.1.0"
>>>>>>> 3e3882b0fdb43e1b7900742ed56e7f9affa0658d
  platform:
    dependency: transitive
    description:
      name: platform
      url: "https://pub.dartlang.org"
    source: hosted
<<<<<<< HEAD
    version: "3.1.0"
=======
    version: "3.0.0"
>>>>>>> 3e3882b0fdb43e1b7900742ed56e7f9affa0658d
  plugin_platform_interface:
    dependency: transitive
    description:
      name: plugin_platform_interface
      url: "https://pub.dartlang.org"
    source: hosted
<<<<<<< HEAD
    version: "2.1.3"
=======
    version: "2.0.1"
>>>>>>> 3e3882b0fdb43e1b7900742ed56e7f9affa0658d
  pointycastle:
    dependency: transitive
    description:
      name: pointycastle
      url: "https://pub.dartlang.org"
    source: hosted
<<<<<<< HEAD
    version: "3.6.2"
=======
    version: "3.3.3"
>>>>>>> 3e3882b0fdb43e1b7900742ed56e7f9affa0658d
  process:
    dependency: transitive
    description:
      name: process
      url: "https://pub.dartlang.org"
    source: hosted
<<<<<<< HEAD
    version: "4.2.4"
=======
    version: "4.2.3"
>>>>>>> 3e3882b0fdb43e1b7900742ed56e7f9affa0658d
  quiver:
    dependency: transitive
    description:
      name: quiver
      url: "https://pub.dartlang.org"
    source: hosted
<<<<<<< HEAD
    version: "3.1.0"
=======
    version: "3.0.1"
>>>>>>> 3e3882b0fdb43e1b7900742ed56e7f9affa0658d
  rate_limiter:
    dependency: transitive
    description:
      name: rate_limiter
      url: "https://pub.dartlang.org"
    source: hosted
    version: "0.1.1"
  rxdart:
    dependency: transitive
    description:
      name: rxdart
      url: "https://pub.dartlang.org"
    source: hosted
<<<<<<< HEAD
    version: "0.27.7"
=======
    version: "0.27.1"
>>>>>>> 3e3882b0fdb43e1b7900742ed56e7f9affa0658d
  sky_engine:
    dependency: transitive
    description: flutter
    source: sdk
    version: "0.0.99"
  source_span:
    dependency: transitive
    description:
      name: source_span
      url: "https://pub.dartlang.org"
    source: hosted
<<<<<<< HEAD
    version: "1.9.0"
=======
    version: "1.8.1"
>>>>>>> 3e3882b0fdb43e1b7900742ed56e7f9affa0658d
  sqflite:
    dependency: transitive
    description:
      name: sqflite
      url: "https://pub.dartlang.org"
    source: hosted
<<<<<<< HEAD
    version: "2.2.2"
=======
    version: "2.0.0+3"
>>>>>>> 3e3882b0fdb43e1b7900742ed56e7f9affa0658d
  sqflite_common:
    dependency: transitive
    description:
      name: sqflite_common
      url: "https://pub.dartlang.org"
    source: hosted
<<<<<<< HEAD
    version: "2.4.0+2"
=======
    version: "2.0.0+2"
>>>>>>> 3e3882b0fdb43e1b7900742ed56e7f9affa0658d
  stack_trace:
    dependency: transitive
    description:
      name: stack_trace
      url: "https://pub.dartlang.org"
    source: hosted
    version: "1.10.0"
  stream_channel:
    dependency: transitive
    description:
      name: stream_channel
      url: "https://pub.dartlang.org"
    source: hosted
    version: "2.1.0"
  stream_chat:
    dependency: transitive
    description:
      name: stream_chat
      url: "https://pub.dartlang.org"
    source: hosted
<<<<<<< HEAD
    version: "2.2.1"
=======
    version: "3.2.0"
>>>>>>> 3e3882b0fdb43e1b7900742ed56e7f9affa0658d
  stream_chat_flutter_core:
    dependency: "direct main"
    description:
      name: stream_chat_flutter_core
      url: "https://pub.dartlang.org"
    source: hosted
<<<<<<< HEAD
    version: "2.2.1"
=======
    version: "3.2.0"
>>>>>>> 3e3882b0fdb43e1b7900742ed56e7f9affa0658d
  string_scanner:
    dependency: transitive
    description:
      name: string_scanner
      url: "https://pub.dartlang.org"
    source: hosted
<<<<<<< HEAD
    version: "1.1.1"
=======
    version: "1.1.0"
>>>>>>> 3e3882b0fdb43e1b7900742ed56e7f9affa0658d
  synchronized:
    dependency: transitive
    description:
      name: synchronized
      url: "https://pub.dartlang.org"
    source: hosted
<<<<<<< HEAD
    version: "3.0.0+3"
=======
    version: "3.0.0"
>>>>>>> 3e3882b0fdb43e1b7900742ed56e7f9affa0658d
  term_glyph:
    dependency: transitive
    description:
      name: term_glyph
      url: "https://pub.dartlang.org"
    source: hosted
<<<<<<< HEAD
    version: "1.2.1"
=======
    version: "1.2.0"
>>>>>>> 3e3882b0fdb43e1b7900742ed56e7f9affa0658d
  test_api:
    dependency: transitive
    description:
      name: test_api
      url: "https://pub.dartlang.org"
    source: hosted
<<<<<<< HEAD
    version: "0.4.12"
=======
    version: "0.4.2"
>>>>>>> 3e3882b0fdb43e1b7900742ed56e7f9affa0658d
  typed_data:
    dependency: transitive
    description:
      name: typed_data
      url: "https://pub.dartlang.org"
    source: hosted
<<<<<<< HEAD
    version: "1.3.1"
=======
    version: "1.3.0"
>>>>>>> 3e3882b0fdb43e1b7900742ed56e7f9affa0658d
  uuid:
    dependency: transitive
    description:
      name: uuid
      url: "https://pub.dartlang.org"
    source: hosted
<<<<<<< HEAD
    version: "3.0.7"
=======
    version: "3.0.4"
>>>>>>> 3e3882b0fdb43e1b7900742ed56e7f9affa0658d
  vector_math:
    dependency: transitive
    description:
      name: vector_math
      url: "https://pub.dartlang.org"
    source: hosted
<<<<<<< HEAD
    version: "2.1.2"
=======
    version: "2.1.0"
>>>>>>> 3e3882b0fdb43e1b7900742ed56e7f9affa0658d
  web_socket_channel:
    dependency: transitive
    description:
      name: web_socket_channel
      url: "https://pub.dartlang.org"
    source: hosted
<<<<<<< HEAD
    version: "2.2.0"
=======
    version: "2.1.0"
>>>>>>> 3e3882b0fdb43e1b7900742ed56e7f9affa0658d
  win32:
    dependency: transitive
    description:
      name: win32
      url: "https://pub.dartlang.org"
    source: hosted
<<<<<<< HEAD
    version: "3.1.3"
=======
    version: "2.2.5"
>>>>>>> 3e3882b0fdb43e1b7900742ed56e7f9affa0658d
  x509:
    dependency: transitive
    description:
      name: x509
      url: "https://pub.dartlang.org"
    source: hosted
    version: "0.2.2"
  xdg_directories:
    dependency: transitive
    description:
      name: xdg_directories
      url: "https://pub.dartlang.org"
    source: hosted
<<<<<<< HEAD
    version: "0.2.0+2"
=======
    version: "0.2.0"
>>>>>>> 3e3882b0fdb43e1b7900742ed56e7f9affa0658d
  xml:
    dependency: transitive
    description:
      name: xml
      url: "https://pub.dartlang.org"
    source: hosted
<<<<<<< HEAD
    version: "6.1.0"
sdks:
  dart: ">=2.18.0 <3.0.0"
  flutter: ">=3.3.0"
=======
    version: "5.1.2"
sdks:
  dart: ">=2.14.0 <3.0.0"
  flutter: ">=2.0.0"
>>>>>>> 3e3882b0fdb43e1b7900742ed56e7f9affa0658d
